<Solution>
  <Project Path="PredictiveMaintenance.Api/PredictiveMaintenance.Api.csproj" />
  <Project Path="PredictiveMaintenance.Application/PredictiveMaintenance.Application.csproj" />
  <Project Path="PredictiveMaintenance.Domain/PredictiveMaintenance.Domain.csproj" />
  <Project Path="PredictiveMaintenance.Infrastructure/PredictiveMaintenance.Infrastructure.csproj" />
  <Project Path="PredictiveMaintenance.Simulator/PredictiveMaintenance.Simulator.csproj" />
  <Project Path="PredictiveMaintenance.Tests/PredictiveMaintenance.Tests.csproj" />
  <Project Path="PredictiveMaintenance.Worker/PredictiveMaintenance.Worker.csproj" />
</Solution>
